
Microsoft Visual Studio Solution File, Format Version 12.00
# Visual Studio Version 16
VisualStudioVersion = 16.0.31112.23
MinimumVisualStudioVersion = 10.0.40219.1
Project("{FAE04EC0-301F-11D3-BF4B-00C04F79EFBC}") = "WpfApp31.1", "WpfApp31.1\WpfApp31.1.csproj", "{96E8C351-A04B-4570-AC87-709A45F347A5}"
EndProject
Global
	GlobalSection(SolutionConfigurationPlatforms) = preSolution
		Debug|Any CPU = Debug|Any CPU
		Release|Any CPU = Release|Any CPU
	EndGlobalSection
	GlobalSection(ProjectConfigurationPlatforms) = postSolution
		{96E8C351-A04B-4570-AC87-709A45F347A5}.Debug|Any CPU.ActiveCfg = Debug|Any CPU
		{96E8C351-A04B-4570-AC87-709A45F347A5}.Debug|Any CPU.Build.0 = Debug|Any CPU
		{96E8C351-A04B-4570-AC87-709A45F347A5}.Release|Any CPU.ActiveCfg = Release|Any CPU
		{96E8C351-A04B-4570-AC87-709A45F347A5}.Release|Any CPU.Build.0 = Release|Any CPU
	EndGlobalSection
	GlobalSection(SolutionProperties) = preSolution
		HideSolutionNode = FALSE
	EndGlobalSection
	GlobalSection(ExtensibilityGlobals) = postSolution
		SolutionGuid = {C143260C-D4F9-4D8A-949B-2FC647581E70}
	EndGlobalSection
EndGlobal
